
Microsoft Visual Studio Solution File, Format Version 12.00
# Visual Studio 2012
Project("{FAE04EC0-301F-11D3-BF4B-00C04F79EFBC}") = "clickcell", "clickcell\clickcell.csproj", "{62120D6E-D3D0-4143-BE3B-54D1573405EE}"
EndProject
Project("{FAE04EC0-301F-11D3-BF4B-00C04F79EFBC}") = "clickcell.Tests", "clickcell.Tests\clickcell.Tests.csproj", "{245B0FFB-EF54-4972-960C-0DCF2EC065AB}"
EndProject
Global
	GlobalSection(SolutionConfigurationPlatforms) = preSolution
		Debug|Any CPU = Debug|Any CPU
		Release|Any CPU = Release|Any CPU
	EndGlobalSection
	GlobalSection(ProjectConfigurationPlatforms) = postSolution
		{62120D6E-D3D0-4143-BE3B-54D1573405EE}.Debug|Any CPU.ActiveCfg = Debug|Any CPU
		{62120D6E-D3D0-4143-BE3B-54D1573405EE}.Debug|Any CPU.Build.0 = Debug|Any CPU
		{62120D6E-D3D0-4143-BE3B-54D1573405EE}.Release|Any CPU.ActiveCfg = Release|Any CPU
		{62120D6E-D3D0-4143-BE3B-54D1573405EE}.Release|Any CPU.Build.0 = Release|Any CPU
		{245B0FFB-EF54-4972-960C-0DCF2EC065AB}.Debug|Any CPU.ActiveCfg = Debug|Any CPU
		{245B0FFB-EF54-4972-960C-0DCF2EC065AB}.Debug|Any CPU.Build.0 = Debug|Any CPU
		{245B0FFB-EF54-4972-960C-0DCF2EC065AB}.Release|Any CPU.ActiveCfg = Release|Any CPU
		{245B0FFB-EF54-4972-960C-0DCF2EC065AB}.Release|Any CPU.Build.0 = Release|Any CPU
	EndGlobalSection
	GlobalSection(SolutionProperties) = preSolution
		HideSolutionNode = FALSE
	EndGlobalSection
EndGlobal
